
Microsoft Visual Studio Solution File, Format Version 12.00
# Visual Studio Version 17
VisualStudioVersion = 17.14.36301.6 d17.14
MinimumVisualStudioVersion = 10.0.40219.1
Project("{FAE04EC0-301F-11D3-BF4B-00C04F79EFBC}") = "ChessLogic", "ChessLogic\ChessLogic.csproj", "{4E566679-43F1-4B7C-96D4-486EFAFC5126}"
EndProject
Project("{FAE04EC0-301F-11D3-BF4B-00C04F79EFBC}") = "ChessUI", "ChessUI\ChessUI.csproj", "{9B452952-5EEE-49FC-907D-7B90D5CC2352}"
EndProject
Global
	GlobalSection(SolutionConfigurationPlatforms) = preSolution
		Debug|Any CPU = Debug|Any CPU
		Release|Any CPU = Release|Any CPU
	EndGlobalSection
	GlobalSection(ProjectConfigurationPlatforms) = postSolution
		{4E566679-43F1-4B7C-96D4-486EFAFC5126}.Debug|Any CPU.ActiveCfg = Debug|Any CPU
		{4E566679-43F1-4B7C-96D4-486EFAFC5126}.Debug|Any CPU.Build.0 = Debug|Any CPU
		{4E566679-43F1-4B7C-96D4-486EFAFC5126}.Release|Any CPU.ActiveCfg = Release|Any CPU
		{4E566679-43F1-4B7C-96D4-486EFAFC5126}.Release|Any CPU.Build.0 = Release|Any CPU
		{9B452952-5EEE-49FC-907D-7B90D5CC2352}.Debug|Any CPU.ActiveCfg = Debug|Any CPU
		{9B452952-5EEE-49FC-907D-7B90D5CC2352}.Debug|Any CPU.Build.0 = Debug|Any CPU
		{9B452952-5EEE-49FC-907D-7B90D5CC2352}.Release|Any CPU.ActiveCfg = Release|Any CPU
		{9B452952-5EEE-49FC-907D-7B90D5CC2352}.Release|Any CPU.Build.0 = Release|Any CPU
	EndGlobalSection
	GlobalSection(SolutionProperties) = preSolution
		HideSolutionNode = FALSE
	EndGlobalSection
	GlobalSection(ExtensibilityGlobals) = postSolution
		SolutionGuid = {5E5295E6-B1B4-46B9-B624-F706CC45A59C}
	EndGlobalSection
EndGlobal
